
Microsoft Visual Studio Solution File, Format Version 12.00
# Visual Studio 2012
Project("{FAE04EC0-301F-11D3-BF4B-00C04F79EFBC}") = "DeploymentSample", "DeploymentSample\DeploymentSample.csproj", "{0EC07D78-43AD-4612-AB7F-BB42ED128A9E}"
EndProject
Project("{FAE04EC0-301F-11D3-BF4B-00C04F79EFBC}") = "DeploymentSample.CreateDatabase", "DeploymentSample.CreateDatabase\DeploymentSample.CreateDatabase.csproj", "{B4F46828-74F7-41B9-9E7C-93E6F9493A7E}"
EndProject
Project("{FAE04EC0-301F-11D3-BF4B-00C04F79EFBC}") = "DeploymentSample.WP8", "DeploymentSample.WP8\DeploymentSample.WP8.csproj", "{35830B8B-4470-47FD-A6A1-DCA550C3C7FF}"
EndProject
Project("{8BC9CEB8-8B4A-11D0-8D11-00A0C91BC942}") = "Sqlite", "sqlite-net-wp8-master\Sqlite.vcxproj", "{59B35F6C-E062-4F0E-88D8-13F3F82A24F3}"
EndProject
Global
	GlobalSection(SolutionConfigurationPlatforms) = preSolution
		Debug|Any CPU = Debug|Any CPU
		Debug|ARM = Debug|ARM
		Debug|Mixed Platforms = Debug|Mixed Platforms
		Debug|Win32 = Debug|Win32
		Debug|x64 = Debug|x64
		Debug|x86 = Debug|x86
		Release|Any CPU = Release|Any CPU
		Release|ARM = Release|ARM
		Release|Mixed Platforms = Release|Mixed Platforms
		Release|Win32 = Release|Win32
		Release|x64 = Release|x64
		Release|x86 = Release|x86
	EndGlobalSection
	GlobalSection(ProjectConfigurationPlatforms) = postSolution
		{0EC07D78-43AD-4612-AB7F-BB42ED128A9E}.Debug|Any CPU.ActiveCfg = Debug|Any CPU
		{0EC07D78-43AD-4612-AB7F-BB42ED128A9E}.Debug|Any CPU.Build.0 = Debug|Any CPU
		{0EC07D78-43AD-4612-AB7F-BB42ED128A9E}.Debug|Any CPU.Deploy.0 = Debug|Any CPU
		{0EC07D78-43AD-4612-AB7F-BB42ED128A9E}.Debug|ARM.ActiveCfg = Debug|ARM
		{0EC07D78-43AD-4612-AB7F-BB42ED128A9E}.Debug|ARM.Build.0 = Debug|ARM
		{0EC07D78-43AD-4612-AB7F-BB42ED128A9E}.Debug|ARM.Deploy.0 = Debug|ARM
		{0EC07D78-43AD-4612-AB7F-BB42ED128A9E}.Debug|Mixed Platforms.ActiveCfg = Debug|x86
		{0EC07D78-43AD-4612-AB7F-BB42ED128A9E}.Debug|Mixed Platforms.Build.0 = Debug|x86
		{0EC07D78-43AD-4612-AB7F-BB42ED128A9E}.Debug|Mixed Platforms.Deploy.0 = Debug|x86
		{0EC07D78-43AD-4612-AB7F-BB42ED128A9E}.Debug|Win32.ActiveCfg = Debug|x86
		{0EC07D78-43AD-4612-AB7F-BB42ED128A9E}.Debug|Win32.Build.0 = Debug|x86
		{0EC07D78-43AD-4612-AB7F-BB42ED128A9E}.Debug|Win32.Deploy.0 = Debug|x86
		{0EC07D78-43AD-4612-AB7F-BB42ED128A9E}.Debug|x64.ActiveCfg = Debug|x64
		{0EC07D78-43AD-4612-AB7F-BB42ED128A9E}.Debug|x64.Build.0 = Debug|x64
		{0EC07D78-43AD-4612-AB7F-BB42ED128A9E}.Debug|x64.Deploy.0 = Debug|x64
		{0EC07D78-43AD-4612-AB7F-BB42ED128A9E}.Debug|x86.ActiveCfg = Debug|x86
		{0EC07D78-43AD-4612-AB7F-BB42ED128A9E}.Debug|x86.Build.0 = Debug|x86
		{0EC07D78-43AD-4612-AB7F-BB42ED128A9E}.Debug|x86.Deploy.0 = Debug|x86
		{0EC07D78-43AD-4612-AB7F-BB42ED128A9E}.Release|Any CPU.ActiveCfg = Release|Any CPU
		{0EC07D78-43AD-4612-AB7F-BB42ED128A9E}.Release|Any CPU.Build.0 = Release|Any CPU
		{0EC07D78-43AD-4612-AB7F-BB42ED128A9E}.Release|Any CPU.Deploy.0 = Release|Any CPU
		{0EC07D78-43AD-4612-AB7F-BB42ED128A9E}.Release|ARM.ActiveCfg = Release|ARM
		{0EC07D78-43AD-4612-AB7F-BB42ED128A9E}.Release|ARM.Build.0 = Release|ARM
		{0EC07D78-43AD-4612-AB7F-BB42ED128A9E}.Release|ARM.Deploy.0 = Release|ARM
		{0EC07D78-43AD-4612-AB7F-BB42ED128A9E}.Release|Mixed Platforms.ActiveCfg = Release|x86
		{0EC07D78-43AD-4612-AB7F-BB42ED128A9E}.Release|Mixed Platforms.Build.0 = Release|x86
		{0EC07D78-43AD-4612-AB7F-BB42ED128A9E}.Release|Mixed Platforms.Deploy.0 = Release|x86
		{0EC07D78-43AD-4612-AB7F-BB42ED128A9E}.Release|Win32.ActiveCfg = Release|x86
		{0EC07D78-43AD-4612-AB7F-BB42ED128A9E}.Release|Win32.Build.0 = Release|x86
		{0EC07D78-43AD-4612-AB7F-BB42ED128A9E}.Release|Win32.Deploy.0 = Release|x86
		{0EC07D78-43AD-4612-AB7F-BB42ED128A9E}.Release|x64.ActiveCfg = Release|x64
		{0EC07D78-43AD-4612-AB7F-BB42ED128A9E}.Release|x64.Build.0 = Release|x64
		{0EC07D78-43AD-4612-AB7F-BB42ED128A9E}.Release|x64.Deploy.0 = Release|x64
		{0EC07D78-43AD-4612-AB7F-BB42ED128A9E}.Release|x86.ActiveCfg = Release|x86
		{0EC07D78-43AD-4612-AB7F-BB42ED128A9E}.Release|x86.Build.0 = Release|x86
		{0EC07D78-43AD-4612-AB7F-BB42ED128A9E}.Release|x86.Deploy.0 = Release|x86
		{B4F46828-74F7-41B9-9E7C-93E6F9493A7E}.Debug|Any CPU.ActiveCfg = Debug|Any CPU
		{B4F46828-74F7-41B9-9E7C-93E6F9493A7E}.Debug|Any CPU.Build.0 = Debug|Any CPU
		{B4F46828-74F7-41B9-9E7C-93E6F9493A7E}.Debug|ARM.ActiveCfg = Debug|Any CPU
		{B4F46828-74F7-41B9-9E7C-93E6F9493A7E}.Debug|Mixed Platforms.ActiveCfg = Debug|Any CPU
		{B4F46828-74F7-41B9-9E7C-93E6F9493A7E}.Debug|Mixed Platforms.Build.0 = Debug|Any CPU
		{B4F46828-74F7-41B9-9E7C-93E6F9493A7E}.Debug|Win32.ActiveCfg = Debug|Any CPU
		{B4F46828-74F7-41B9-9E7C-93E6F9493A7E}.Debug|x64.ActiveCfg = Debug|Any CPU
		{B4F46828-74F7-41B9-9E7C-93E6F9493A7E}.Debug|x86.ActiveCfg = Debug|Any CPU
		{B4F46828-74F7-41B9-9E7C-93E6F9493A7E}.Release|Any CPU.ActiveCfg = Release|Any CPU
		{B4F46828-74F7-41B9-9E7C-93E6F9493A7E}.Release|Any CPU.Build.0 = Release|Any CPU
		{B4F46828-74F7-41B9-9E7C-93E6F9493A7E}.Release|ARM.ActiveCfg = Release|Any CPU
		{B4F46828-74F7-41B9-9E7C-93E6F9493A7E}.Release|Mixed Platforms.ActiveCfg = Release|Any CPU
		{B4F46828-74F7-41B9-9E7C-93E6F9493A7E}.Release|Mixed Platforms.Build.0 = Release|Any CPU
		{B4F46828-74F7-41B9-9E7C-93E6F9493A7E}.Release|Win32.ActiveCfg = Release|Any CPU
		{B4F46828-74F7-41B9-9E7C-93E6F9493A7E}.Release|x64.ActiveCfg = Release|Any CPU
		{B4F46828-74F7-41B9-9E7C-93E6F9493A7E}.Release|x86.ActiveCfg = Release|Any CPU
		{35830B8B-4470-47FD-A6A1-DCA550C3C7FF}.Debug|Any CPU.ActiveCfg = Debug|Any CPU
		{35830B8B-4470-47FD-A6A1-DCA550C3C7FF}.Debug|Any CPU.Build.0 = Debug|Any CPU
		{35830B8B-4470-47FD-A6A1-DCA550C3C7FF}.Debug|Any CPU.Deploy.0 = Debug|Any CPU
		{35830B8B-4470-47FD-A6A1-DCA550C3C7FF}.Debug|ARM.ActiveCfg = Debug|ARM
		{35830B8B-4470-47FD-A6A1-DCA550C3C7FF}.Debug|ARM.Build.0 = Debug|ARM
		{35830B8B-4470-47FD-A6A1-DCA550C3C7FF}.Debug|ARM.Deploy.0 = Debug|ARM
		{35830B8B-4470-47FD-A6A1-DCA550C3C7FF}.Debug|Mixed Platforms.ActiveCfg = Debug|x86
		{35830B8B-4470-47FD-A6A1-DCA550C3C7FF}.Debug|Mixed Platforms.Build.0 = Debug|x86
		{35830B8B-4470-47FD-A6A1-DCA550C3C7FF}.Debug|Mixed Platforms.Deploy.0 = Debug|x86
		{35830B8B-4470-47FD-A6A1-DCA550C3C7FF}.Debug|Win32.ActiveCfg = Debug|x86
		{35830B8B-4470-47FD-A6A1-DCA550C3C7FF}.Debug|Win32.Build.0 = Debug|x86
		{35830B8B-4470-47FD-A6A1-DCA550C3C7FF}.Debug|Win32.Deploy.0 = Debug|x86
		{35830B8B-4470-47FD-A6A1-DCA550C3C7FF}.Debug|x64.ActiveCfg = Debug|Any CPU
		{35830B8B-4470-47FD-A6A1-DCA550C3C7FF}.Debug|x86.ActiveCfg = Debug|x86
		{35830B8B-4470-47FD-A6A1-DCA550C3C7FF}.Debug|x86.Build.0 = Debug|x86
		{35830B8B-4470-47FD-A6A1-DCA550C3C7FF}.Debug|x86.Deploy.0 = Debug|x86
		{35830B8B-4470-47FD-A6A1-DCA550C3C7FF}.Release|Any CPU.ActiveCfg = Release|Any CPU
		{35830B8B-4470-47FD-A6A1-DCA550C3C7FF}.Release|Any CPU.Build.0 = Release|Any CPU
		{35830B8B-4470-47FD-A6A1-DCA550C3C7FF}.Release|Any CPU.Deploy.0 = Release|Any CPU
		{35830B8B-4470-47FD-A6A1-DCA550C3C7FF}.Release|ARM.ActiveCfg = Release|ARM
		{35830B8B-4470-47FD-A6A1-DCA550C3C7FF}.Release|ARM.Build.0 = Release|ARM
		{35830B8B-4470-47FD-A6A1-DCA550C3C7FF}.Release|ARM.Deploy.0 = Release|ARM
		{35830B8B-4470-47FD-A6A1-DCA550C3C7FF}.Release|Mixed Platforms.ActiveCfg = Release|x86
		{35830B8B-4470-47FD-A6A1-DCA550C3C7FF}.Release|Mixed Platforms.Build.0 = Release|x86
		{35830B8B-4470-47FD-A6A1-DCA550C3C7FF}.Release|Mixed Platforms.Deploy.0 = Release|x86
		{35830B8B-4470-47FD-A6A1-DCA550C3C7FF}.Release|Win32.ActiveCfg = Release|x86
		{35830B8B-4470-47FD-A6A1-DCA550C3C7FF}.Release|Win32.Build.0 = Release|x86
		{35830B8B-4470-47FD-A6A1-DCA550C3C7FF}.Release|Win32.Deploy.0 = Release|x86
		{35830B8B-4470-47FD-A6A1-DCA550C3C7FF}.Release|x64.ActiveCfg = Release|Any CPU
		{35830B8B-4470-47FD-A6A1-DCA550C3C7FF}.Release|x86.ActiveCfg = Release|x86
		{35830B8B-4470-47FD-A6A1-DCA550C3C7FF}.Release|x86.Build.0 = Release|x86
		{35830B8B-4470-47FD-A6A1-DCA550C3C7FF}.Release|x86.Deploy.0 = Release|x86
		{59B35F6C-E062-4F0E-88D8-13F3F82A24F3}.Debug|Any CPU.ActiveCfg = Debug|Win32
		{59B35F6C-E062-4F0E-88D8-13F3F82A24F3}.Debug|ARM.ActiveCfg = Debug|ARM
		{59B35F6C-E062-4F0E-88D8-13F3F82A24F3}.Debug|ARM.Build.0 = Debug|ARM
		{59B35F6C-E062-4F0E-88D8-13F3F82A24F3}.Debug|Mixed Platforms.ActiveCfg = Debug|Win32
		{59B35F6C-E062-4F0E-88D8-13F3F82A24F3}.Debug|Mixed Platforms.Build.0 = Debug|Win32
		{59B35F6C-E062-4F0E-88D8-13F3F82A24F3}.Debug|Win32.ActiveCfg = Debug|Win32
		{59B35F6C-E062-4F0E-88D8-13F3F82A24F3}.Debug|Win32.Build.0 = Debug|Win32
		{59B35F6C-E062-4F0E-88D8-13F3F82A24F3}.Debug|x64.ActiveCfg = Debug|Win32
		{59B35F6C-E062-4F0E-88D8-13F3F82A24F3}.Debug|x86.ActiveCfg = Debug|Win32
		{59B35F6C-E062-4F0E-88D8-13F3F82A24F3}.Debug|x86.Build.0 = Debug|Win32
		{59B35F6C-E062-4F0E-88D8-13F3F82A24F3}.Release|Any CPU.ActiveCfg = Release|Win32
		{59B35F6C-E062-4F0E-88D8-13F3F82A24F3}.Release|ARM.ActiveCfg = Release|ARM
		{59B35F6C-E062-4F0E-88D8-13F3F82A24F3}.Release|ARM.Build.0 = Release|ARM
		{59B35F6C-E062-4F0E-88D8-13F3F82A24F3}.Release|Mixed Platforms.ActiveCfg = Release|Win32
		{59B35F6C-E062-4F0E-88D8-13F3F82A24F3}.Release|Mixed Platforms.Build.0 = Release|Win32
		{59B35F6C-E062-4F0E-88D8-13F3F82A24F3}.Release|Win32.ActiveCfg = Release|Win32
		{59B35F6C-E062-4F0E-88D8-13F3F82A24F3}.Release|Win32.Build.0 = Release|Win32
		{59B35F6C-E062-4F0E-88D8-13F3F82A24F3}.Release|x64.ActiveCfg = Release|Win32
		{59B35F6C-E062-4F0E-88D8-13F3F82A24F3}.Release|x86.ActiveCfg = Release|Win32
		{59B35F6C-E062-4F0E-88D8-13F3F82A24F3}.Release|x86.Build.0 = Release|Win32
	EndGlobalSection
	GlobalSection(SolutionProperties) = preSolution
		HideSolutionNode = FALSE
	EndGlobalSection
EndGlobal
